
Microsoft Visual Studio Solution File, Format Version 12.00
# Visual Studio 15
VisualStudioVersion = 15.0.28010.2019
MinimumVisualStudioVersion = 10.0.40219.1
Project("{FAE04EC0-301F-11D3-BF4B-00C04F79EFBC}") = "Rebus.Kafka", "Rebus.Kafka\Rebus.Kafka.csproj", "{F9504EAF-ED13-4965-813E-F33B171D2BB0}"
EndProject
Project("{FAE04EC0-301F-11D3-BF4B-00C04F79EFBC}") = "Rebus.Kafka.Tests", "Rebus.Kafka.Tests\Rebus.Kafka.Tests.csproj", "{5F36E0ED-958E-4831-A1AF-EDA2678C36CB}"
EndProject
Global
	GlobalSection(SolutionConfigurationPlatforms) = preSolution
		Debug|Any CPU = Debug|Any CPU
		Release|Any CPU = Release|Any CPU
	EndGlobalSection
	GlobalSection(ProjectConfigurationPlatforms) = postSolution
		{F9504EAF-ED13-4965-813E-F33B171D2BB0}.Debug|Any CPU.ActiveCfg = Debug|Any CPU
		{F9504EAF-ED13-4965-813E-F33B171D2BB0}.Debug|Any CPU.Build.0 = Debug|Any CPU
		{F9504EAF-ED13-4965-813E-F33B171D2BB0}.Release|Any CPU.ActiveCfg = Release|Any CPU
		{F9504EAF-ED13-4965-813E-F33B171D2BB0}.Release|Any CPU.Build.0 = Release|Any CPU
		{5F36E0ED-958E-4831-A1AF-EDA2678C36CB}.Debug|Any CPU.ActiveCfg = Debug|Any CPU
		{5F36E0ED-958E-4831-A1AF-EDA2678C36CB}.Debug|Any CPU.Build.0 = Debug|Any CPU
		{5F36E0ED-958E-4831-A1AF-EDA2678C36CB}.Release|Any CPU.ActiveCfg = Release|Any CPU
		{5F36E0ED-958E-4831-A1AF-EDA2678C36CB}.Release|Any CPU.Build.0 = Release|Any CPU
	EndGlobalSection
	GlobalSection(SolutionProperties) = preSolution
		HideSolutionNode = FALSE
	EndGlobalSection
	GlobalSection(ExtensibilityGlobals) = postSolution
		SolutionGuid = {6B85EE07-1394-4CDC-9C11-D57DFCB889CC}
	EndGlobalSection
EndGlobal
